{
  "name": "bull-ui-api",
  "version": "1.0.0",
  "lockfileVersion": 1,
  "requires": true,
  "dependencies": {
    "@cspotcode/source-map-consumer": {
      "version": "0.8.0",
      "resolved": "https://registry.nlark.com/@cspotcode/source-map-consumer/download/@cspotcode/source-map-consumer-0.8.0.tgz",
      "integrity": "sha1-M79LeznBeIIWBvZpu8RHpqYpeGs=",
      "dev": true
    },
    "@cspotcode/source-map-support": {
      "version": "0.7.0",
      "resolved": "https://registry.npmmirror.com/@cspotcode/source-map-support/download/@cspotcode/source-map-support-0.7.0.tgz",
      "integrity": "sha1-R4mECqhZ5G0vMXNyercHxmvzRPU=",
      "dev": true,
      "requires": {
        "@cspotcode/source-map-consumer": "0.8.0"
      }
    },
    "@koa/cors": {
      "version": "3.1.0",
      "resolved": "https://registry.npm.taobao.org/@koa/cors/download/@koa/cors-3.1.0.tgz",
      "integrity": "sha1-YYuwc0OM/b0+vQ5kinbjO4Tzo7I=",
      "requires": {
        "vary": "^1.1.2"
      }
    },
    "@tsconfig/node10": {
      "version": "1.0.8",
      "resolved": "https://registry.nlark.com/@tsconfig/node10/download/@tsconfig/node10-1.0.8.tgz",
      "integrity": "sha1-weToDW+WT77LM1nEO9SLQPfK2tk=",
      "dev": true
    },
    "@tsconfig/node12": {
      "version": "1.0.9",
      "resolved": "https://registry.nlark.com/@tsconfig/node12/download/@tsconfig/node12-1.0.9.tgz",
      "integrity": "sha1-YsH23uLr2a6tgNw6+laBDljhoEw=",
      "dev": true
    },
    "@tsconfig/node14": {
      "version": "1.0.1",
      "resolved": "https://registry.nlark.com/@tsconfig/node14/download/@tsconfig/node14-1.0.1.tgz",
      "integrity": "sha1-lfLRZ/+5uNIGiwsjUwL6/U33EfI=",
      "dev": true
    },
    "@tsconfig/node16": {
      "version": "1.0.2",
      "resolved": "https://registry.nlark.com/@tsconfig/node16/download/@tsconfig/node16-1.0.2.tgz",
      "integrity": "sha1-Qjx3h30Fadsg4fyAiFrEEYMUAQ4=",
      "dev": true
    },
    "@types/accepts": {
      "version": "1.3.5",
      "resolved": "https://registry.nlark.com/@types/accepts/download/@types/accepts-1.3.5.tgz?cache=0&sync_timestamp=1629706561969&other_urls=https%3A%2F%2Fregistry.nlark.com%2F%40types%2Faccepts%2Fdownload%2F%40types%2Faccepts-1.3.5.tgz",
      "integrity": "sha1-w0vsEVz8dG4E/loFnfTOfns5FXU=",
      "requires": {
        "@types/node": "*"
      }
    },
    "@types/body-parser": {
      "version": "1.19.1",
      "resolved": "https://registry.nlark.com/@types/body-parser/download/@types/body-parser-1.19.1.tgz?cache=0&other_urls=https%3A%2F%2Fregistry.nlark.com%2F%40types%2Fbody-parser%2Fdownload%2F%40types%2Fbody-parser-1.19.1.tgz",
      "integrity": "sha1-DAF0xCp9AXuBgwPUtdlpywt1kpw=",
      "requires": {
        "@types/connect": "*",
        "@types/node": "*"
      }
    },
    "@types/bull": {
      "version": "3.15.5",
      "resolved": "https://registry.npmmirror.com/@types/bull/download/@types/bull-3.15.5.tgz?cache=0&sync_timestamp=1632989210436&other_urls=https%3A%2F%2Fregistry.npmmirror.com%2F%40types%2Fbull%2Fdownload%2F%40types%2Fbull-3.15.5.tgz",
      "integrity": "sha1-pEWcEnxbEPuEdTFXmizV2zV1E2Y=",
      "requires": {
        "@types/ioredis": "*"
      }
    },
    "@types/connect": {
      "version": "3.4.35",
      "resolved": "https://registry.nlark.com/@types/connect/download/@types/connect-3.4.35.tgz",
      "integrity": "sha1-X89q5EXkAh0fwiGaSHPMc6O7KtE=",
      "requires": {
        "@types/node": "*"
      }
    },
    "@types/content-disposition": {
      "version": "0.5.4",
      "resolved": "https://registry.nlark.com/@types/content-disposition/download/@types/content-disposition-0.5.4.tgz",
      "integrity": "sha1-3kjPAcecnxVgvP2K5DIXqwKGV/g="
    },
    "@types/cookies": {
      "version": "0.7.7",
      "resolved": "https://registry.nlark.com/@types/cookies/download/@types/cookies-0.7.7.tgz",
      "integrity": "sha1-epJFPR0WOJwFpTAe71ZvNJRs/YE=",
      "requires": {
        "@types/connect": "*",
        "@types/express": "*",
        "@types/keygrip": "*",
        "@types/node": "*"
      }
    },
    "@types/dotenv-safe": {
      "version": "8.1.2",
      "resolved": "https://registry.nlark.com/@types/dotenv-safe/download/@types/dotenv-safe-8.1.2.tgz",
      "integrity": "sha1-cvEmlp9EWvVlTv0xZ96rwsvGwk4=",
      "requires": {
        "dotenv": "^8.2.0"
      }
    },
    "@types/express": {
      "version": "4.17.13",
      "resolved": "https://registry.nlark.com/@types/express/download/@types/express-4.17.13.tgz?cache=0&sync_timestamp=1629707737380&other_urls=https%3A%2F%2Fregistry.nlark.com%2F%40types%2Fexpress%2Fdownload%2F%40types%2Fexpress-4.17.13.tgz",
      "integrity": "sha1-p24plXKJmbq1GjP6vOHXBaNwkDQ=",
      "requires": {
        "@types/body-parser": "*",
        "@types/express-serve-static-core": "^4.17.18",
        "@types/qs": "*",
        "@types/serve-static": "*"
      }
    },
    "@types/express-serve-static-core": {
      "version": "4.17.24",
      "resolved": "https://registry.nlark.com/@types/express-serve-static-core/download/@types/express-serve-static-core-4.17.24.tgz?cache=0&sync_timestamp=1629707772598&other_urls=https%3A%2F%2Fregistry.nlark.com%2F%40types%2Fexpress-serve-static-core%2Fdownload%2F%40types%2Fexpress-serve-static-core-4.17.24.tgz",
      "integrity": "sha1-6kH5O/fg1ZzVp2ZlBo7WqraBXAc=",
      "requires": {
        "@types/node": "*",
        "@types/qs": "*",
        "@types/range-parser": "*"
      }
    },
    "@types/http-assert": {
      "version": "1.5.3",
      "resolved": "https://registry.nlark.com/@types/http-assert/download/@types/http-assert-1.5.3.tgz",
      "integrity": "sha1-7449Go1Gw4fwSrDy6KuMsMUHhmE="
    },
    "@types/http-errors": {
      "version": "1.8.1",
      "resolved": "https://registry.nlark.com/@types/http-errors/download/@types/http-errors-1.8.1.tgz",
      "integrity": "sha1-6BrSimC+4DKMbSOE4Cmuxibxrmc="
    },
    "@types/ioredis": {
      "version": "4.27.8",
      "resolved": "https://registry.npmmirror.com/@types/ioredis/download/@types/ioredis-4.27.8.tgz",
      "integrity": "sha1-wuET5PC2g0Bi8VXqrCf6eNOOB5A=",
      "requires": {
        "@types/node": "*"
      }
    },
    "@types/keygrip": {
      "version": "1.0.2",
      "resolved": "https://registry.nlark.com/@types/keygrip/download/@types/keygrip-1.0.2.tgz",
      "integrity": "sha1-UTq/0lbXrQvx7hhzYGMXszsbKnI="
    },
    "@types/koa": {
      "version": "2.13.4",
      "resolved": "https://registry.nlark.com/@types/koa/download/@types/koa-2.13.4.tgz?cache=0&sync_timestamp=1629708153595&other_urls=https%3A%2F%2Fregistry.nlark.com%2F%40types%2Fkoa%2Fdownload%2F%40types%2Fkoa-2.13.4.tgz",
      "integrity": "sha1-EGILPySoAn71y66Is5PRsxIFcms=",
      "requires": {
        "@types/accepts": "*",
        "@types/content-disposition": "*",
        "@types/cookies": "*",
        "@types/http-assert": "*",
        "@types/http-errors": "*",
        "@types/keygrip": "*",
        "@types/koa-compose": "*",
        "@types/node": "*"
      }
    },
    "@types/koa-bodyparser": {
      "version": "4.3.3",
      "resolved": "https://registry.nlark.com/@types/koa-bodyparser/download/@types/koa-bodyparser-4.3.3.tgz",
      "integrity": "sha1-nH1ClVdryGPVUAAvcy8cV92IzFg=",
      "requires": {
        "@types/koa": "*"
      }
    },
    "@types/koa-compose": {
      "version": "3.2.5",
      "resolved": "https://registry.nlark.com/@types/koa-compose/download/@types/koa-compose-3.2.5.tgz?cache=0&sync_timestamp=1629708153574&other_urls=https%3A%2F%2Fregistry.nlark.com%2F%40types%2Fkoa-compose%2Fdownload%2F%40types%2Fkoa-compose-3.2.5.tgz",
      "integrity": "sha1-hesugKxQvpXzfM+MQHwJu+NGjp0=",
      "requires": {
        "@types/koa": "*"
      }
    },
    "@types/koa-router": {
      "version": "7.4.4",
      "resolved": "https://registry.nlark.com/@types/koa-router/download/@types/koa-router-7.4.4.tgz",
      "integrity": "sha1-23K942FjZddPABeNXyQ8T859pXI=",
      "requires": {
        "@types/koa": "*"
      }
    },
    "@types/lodash": {
      "version": "4.14.176",
      "resolved": "https://registry.npmmirror.com/@types/lodash/download/@types/lodash-4.14.176.tgz",
      "integrity": "sha1-ZBFQ/BzaNvv6Mp3mA7uxddfuIMA="
    },
    "@types/mime": {
      "version": "1.3.2",
      "resolved": "https://registry.nlark.com/@types/mime/download/@types/mime-1.3.2.tgz",
      "integrity": "sha1-k+Jb+e51/g/YC1lLxP6w6GIRG1o="
    },
    "@types/node": {
      "version": "16.11.6",
      "resolved": "https://registry.npmmirror.com/@types/node/download/@types/node-16.11.6.tgz",
      "integrity": "sha1-a+96KgrWhM9ukPz+Mc7KvZzgo64="
    },
    "@types/qs": {
      "version": "6.9.7",
      "resolved": "https://registry.nlark.com/@types/qs/download/@types/qs-6.9.7.tgz",
      "integrity": "sha1-Y7t9Bn2xB8weRXwwO8JdUR/r9ss="
    },
    "@types/range-parser": {
      "version": "1.2.4",
      "resolved": "https://registry.nlark.com/@types/range-parser/download/@types/range-parser-1.2.4.tgz",
      "integrity": "sha1-zWZ7z90CUhOq+3ylkVqTJZCs3Nw="
    },
    "@types/serve-static": {
      "version": "1.13.10",
      "resolved": "https://registry.nlark.com/@types/serve-static/download/@types/serve-static-1.13.10.tgz?cache=0&sync_timestamp=1629709282856&other_urls=https%3A%2F%2Fregistry.nlark.com%2F%40types%2Fserve-static%2Fdownload%2F%40types%2Fserve-static-1.13.10.tgz",
      "integrity": "sha1-9eDOh5fS18xevtpIpSyWxPpHqNk=",
      "requires": {
        "@types/mime": "^1",
        "@types/node": "*"
      }
    },
    "accepts": {
      "version": "1.3.7",
      "resolved": "https://registry.nlark.com/accepts/download/accepts-1.3.7.tgz",
      "integrity": "sha1-UxvHJlF6OytB+FACHGzBXqq1B80=",
      "requires": {
        "mime-types": "~2.1.24",
        "negotiator": "0.6.2"
      }
    },
    "acorn": {
      "version": "8.5.0",
      "resolved": "https://registry.nlark.com/acorn/download/acorn-8.5.0.tgz",
      "integrity": "sha1-RRLMuZs2mMdSWR6btEcuOK1DzuI=",
      "dev": true
    },
    "acorn-walk": {
      "version": "8.2.0",
      "resolved": "https://registry.nlark.com/acorn-walk/download/acorn-walk-8.2.0.tgz?cache=0&other_urls=https%3A%2F%2Fregistry.nlark.com%2Facorn-walk%2Fdownload%2Facorn-walk-8.2.0.tgz",
      "integrity": "sha1-dBIQ8uJCZFRQiFOi9E0KuDt/acE=",
      "dev": true
    },
    "arg": {
      "version": "4.1.3",
      "resolved": "https://registry.nlark.com/arg/download/arg-4.1.3.tgz",
      "integrity": "sha1-Jp/HrVuOQstjyJbVZmAXJhwUQIk=",
      "dev": true
    },
    "bull": {
      "version": "4.1.0",
      "resolved": "https://registry.npmmirror.com/bull/download/bull-4.1.0.tgz",
      "integrity": "sha1-/49ihpTn2734m2poYKHzPpkFJ/0=",
      "requires": {
        "cron-parser": "^2.13.0",
        "debuglog": "^1.0.0",
        "get-port": "^5.1.1",
        "ioredis": "^4.27.0",
        "lodash": "^4.17.21",
        "p-timeout": "^3.2.0",
        "promise.prototype.finally": "^3.1.2",
        "semver": "^7.3.2",
        "util.promisify": "^1.0.1",
        "uuid": "^8.3.0"
      }
    },
    "bytes": {
      "version": "3.1.0",
      "resolved": "https://registry.npm.taobao.org/bytes/download/bytes-3.1.0.tgz?cache=0&sync_timestamp=1589682741197&other_urls=https%3A%2F%2Fregistry.npm.taobao.org%2Fbytes%2Fdownload%2Fbytes-3.1.0.tgz",
      "integrity": "sha1-9s95M6Ng4FiPqf3oVlHNx/gF0fY="
    },
    "cache-content-type": {
      "version": "1.0.1",
      "resolved": "https://registry.nlark.com/cache-content-type/download/cache-content-type-1.0.1.tgz",
      "integrity": "sha1-A1zeKwjuISn0qDFeqPAKANuhRTw=",
      "requires": {
        "mime-types": "^2.1.18",
        "ylru": "^1.2.0"
      }
    },
    "call-bind": {
      "version": "1.0.2",
      "resolved": "https://registry.nlark.com/call-bind/download/call-bind-1.0.2.tgz",
      "integrity": "sha1-sdTonmiBGcPJqQOtMKuy9qkZvjw=",
      "requires": {
        "function-bind": "^1.1.1",
        "get-intrinsic": "^1.0.2"
      }
    },
    "cluster-key-slot": {
      "version": "1.1.0",
      "resolved": "https://registry.nlark.com/cluster-key-slot/download/cluster-key-slot-1.1.0.tgz",
      "integrity": "sha1-MEdLKpgfsSFyaVgzBSvA0BM20Q0="
    },
    "co": {
      "version": "4.6.0",
      "resolved": "https://registry.nlark.com/co/download/co-4.6.0.tgz",
      "integrity": "sha1-bqa989hTrlTMuOR7+gvz+QMfsYQ="
    },
    "co-body": {
      "version": "6.1.0",
      "resolved": "https://registry.npm.taobao.org/co-body/download/co-body-6.1.0.tgz",
      "integrity": "sha1-2HqO/DVk+b/jrO2O9c0Ex6h2ZUc=",
      "requires": {
        "inflation": "^2.0.0",
        "qs": "^6.5.2",
        "raw-body": "^2.3.3",
        "type-is": "^1.6.16"
      }
    },
    "content-disposition": {
      "version": "0.5.3",
      "resolved": "https://registry.npm.taobao.org/content-disposition/download/content-disposition-0.5.3.tgz",
      "integrity": "sha1-4TDK9+cnkIfFYWwgB9BIVpiYT70=",
      "requires": {
        "safe-buffer": "5.1.2"
      }
    },
    "content-type": {
      "version": "1.0.4",
      "resolved": "https://registry.npm.taobao.org/content-type/download/content-type-1.0.4.tgz",
      "integrity": "sha1-4TjMdeBAxyexlm/l5fjJruJW/js="
    },
    "cookies": {
      "version": "0.8.0",
      "resolved": "https://registry.nlark.com/cookies/download/cookies-0.8.0.tgz",
      "integrity": "sha1-EpPOSzkXQKhAbjyYcOgoxLVPP5A=",
      "requires": {
        "depd": "~2.0.0",
        "keygrip": "~1.1.0"
      }
    },
    "copy-to": {
      "version": "2.0.1",
      "resolved": "https://registry.npm.taobao.org/copy-to/download/copy-to-2.0.1.tgz",
      "integrity": "sha1-JoD7uAaKSNCGVrYJgJK9r8kG9KU="
    },
    "create-require": {
      "version": "1.1.1",
      "resolved": "https://registry.npm.taobao.org/create-require/download/create-require-1.1.1.tgz",
      "integrity": "sha1-wdfo8eX2z8n/ZfnNNS03NIdWwzM=",
      "dev": true
    },
    "cron-parser": {
      "version": "2.18.0",
      "resolved": "https://registry.npmmirror.com/cron-parser/download/cron-parser-2.18.0.tgz",
      "integrity": "sha1-3huwrVKMgVVINxmT+BpU5aCJ7c8=",
      "requires": {
        "is-nan": "^1.3.0",
        "moment-timezone": "^0.5.31"
      }
    },
    "debug": {
      "version": "4.3.2",
      "resolved": "https://registry.nlark.com/debug/download/debug-4.3.2.tgz?cache=0&sync_timestamp=1625374653719&other_urls=https%3A%2F%2Fregistry.nlark.com%2Fdebug%2Fdownload%2Fdebug-4.3.2.tgz",
      "integrity": "sha1-8KScGKyHeeMdSgxgKd+3aHPHQos=",
      "requires": {
        "ms": "2.1.2"
      }
    },
    "debuglog": {
      "version": "1.0.1",
      "resolved": "https://registry.npm.taobao.org/debuglog/download/debuglog-1.0.1.tgz",
      "integrity": "sha1-qiT/uaw9+aI1GDfPstJ5NgzXhJI="
    },
    "deep-equal": {
      "version": "1.0.1",
      "resolved": "https://registry.nlark.com/deep-equal/download/deep-equal-1.0.1.tgz",
      "integrity": "sha1-9dJgKStmDghO/0zbyfCK0yR0SLU="
    },
    "define-properties": {
      "version": "1.1.3",
      "resolved": "https://registry.npm.taobao.org/define-properties/download/define-properties-1.1.3.tgz",
      "integrity": "sha1-z4jabL7ib+bbcJT2HYcMvYTO6fE=",
      "requires": {
        "object-keys": "^1.0.12"
      }
    },
    "delegates": {
      "version": "1.0.0",
      "resolved": "https://registry.npm.taobao.org/delegates/download/delegates-1.0.0.tgz",
      "integrity": "sha1-hMbhWbgZBP3KWaDvRM2HDTElD5o="
    },
    "denque": {
      "version": "1.5.1",
      "resolved": "https://registry.nlark.com/denque/download/denque-1.5.1.tgz?cache=0&sync_timestamp=1630410295353&other_urls=https%3A%2F%2Fregistry.nlark.com%2Fdenque%2Fdownload%2Fdenque-1.5.1.tgz",
      "integrity": "sha1-B/Zw4pyaePj67LJWah4sEZKcXL8="
    },
    "depd": {
      "version": "2.0.0",
      "resolved": "https://registry.npm.taobao.org/depd/download/depd-2.0.0.tgz",
      "integrity": "sha1-tpYWPMdXVg0JzyLMj60Vcbeedt8="
    },
    "destroy": {
      "version": "1.0.4",
      "resolved": "https://registry.npm.taobao.org/destroy/download/destroy-1.0.4.tgz",
      "integrity": "sha1-l4hXRCxEdJ5CBmE+N5RiBYJqvYA="
    },
    "diff": {
      "version": "4.0.2",
      "resolved": "https://registry.nlark.com/diff/download/diff-4.0.2.tgz",
      "integrity": "sha1-YPOuy4nV+uUgwRqhnvwruYKq3n0=",
      "dev": true
    },
    "dotenv": {
      "version": "8.6.0",
      "resolved": "https://registry.nlark.com/dotenv/download/dotenv-8.6.0.tgz",
      "integrity": "sha1-Bhr2ZNGff02PxuT/m1hM4jety4s="
    },
    "dotenv-safe": {
      "version": "8.2.0",
      "resolved": "https://registry.npm.taobao.org/dotenv-safe/download/dotenv-safe-8.2.0.tgz",
      "integrity": "sha1-jVSMcximLAmmbE3IwxhkzAB8eLo=",
      "requires": {
        "dotenv": "^8.2.0"
      }
    },
    "ee-first": {
      "version": "1.1.1",
      "resolved": "https://registry.npm.taobao.org/ee-first/download/ee-first-1.1.1.tgz",
      "integrity": "sha1-WQxhFWsK4vTwJVcyoViyZrxWsh0="
    },
    "encodeurl": {
      "version": "1.0.2",
      "resolved": "https://registry.nlark.com/encodeurl/download/encodeurl-1.0.2.tgz",
      "integrity": "sha1-rT/0yG7C0CkyL1oCw6mmBslbP1k="
    },
    "es-abstract": {
      "version": "1.19.1",
      "resolved": "https://registry.npmmirror.com/es-abstract/download/es-abstract-1.19.1.tgz?cache=0&other_urls=https%3A%2F%2Fregistry.npmmirror.com%2Fes-abstract%2Fdownload%2Fes-abstract-1.19.1.tgz",
      "integrity": "sha1-1IhXlodpFpWd547aoN9FZicRXsM=",
      "requires": {
        "call-bind": "^1.0.2",
        "es-to-primitive": "^1.2.1",
        "function-bind": "^1.1.1",
        "get-intrinsic": "^1.1.1",
        "get-symbol-description": "^1.0.0",
        "has": "^1.0.3",
        "has-symbols": "^1.0.2",
        "internal-slot": "^1.0.3",
        "is-callable": "^1.2.4",
        "is-negative-zero": "^2.0.1",
        "is-regex": "^1.1.4",
        "is-shared-array-buffer": "^1.0.1",
        "is-string": "^1.0.7",
        "is-weakref": "^1.0.1",
        "object-inspect": "^1.11.0",
        "object-keys": "^1.1.1",
        "object.assign": "^4.1.2",
        "string.prototype.trimend": "^1.0.4",
        "string.prototype.trimstart": "^1.0.4",
        "unbox-primitive": "^1.0.1"
      }
    },
    "es-to-primitive": {
      "version": "1.2.1",
      "resolved": "https://registry.npm.taobao.org/es-to-primitive/download/es-to-primitive-1.2.1.tgz",
      "integrity": "sha1-5VzUyc3BiLzvsDs2bHNjI/xciYo=",
      "requires": {
        "is-callable": "^1.1.4",
        "is-date-object": "^1.0.1",
        "is-symbol": "^1.0.2"
      }
    },
    "escape-html": {
      "version": "1.0.3",
      "resolved": "https://registry.nlark.com/escape-html/download/escape-html-1.0.3.tgz",
      "integrity": "sha1-Aljq5NPQwJdN4cFpGI7wBR0dGYg="
    },
    "for-each": {
      "version": "0.3.3",
      "resolved": "https://registry.npm.taobao.org/for-each/download/for-each-0.3.3.tgz",
      "integrity": "sha1-abRH6IoKXTLD5whPPxcQA0shN24=",
      "requires": {
        "is-callable": "^1.1.3"
      }
    },
    "fresh": {
      "version": "0.5.2",
      "resolved": "https://registry.nlark.com/fresh/download/fresh-0.5.2.tgz",
      "integrity": "sha1-PYyt2Q2XZWn6g1qx+OSyOhBWBac="
    },
    "function-bind": {
      "version": "1.1.1",
      "resolved": "https://registry.npm.taobao.org/function-bind/download/function-bind-1.1.1.tgz",
      "integrity": "sha1-pWiZ0+o8m6uHS7l3O3xe3pL0iV0="
    },
    "get-intrinsic": {
      "version": "1.1.1",
      "resolved": "https://registry.nlark.com/get-intrinsic/download/get-intrinsic-1.1.1.tgz",
      "integrity": "sha1-FfWfN2+FXERpY5SPDSTNNje0q8Y=",
      "requires": {
        "function-bind": "^1.1.1",
        "has": "^1.0.3",
        "has-symbols": "^1.0.1"
      }
    },
    "get-port": {
      "version": "5.1.1",
      "resolved": "https://registry.npmmirror.com/get-port/download/get-port-5.1.1.tgz?cache=0&sync_timestamp=1633308798228&other_urls=https%3A%2F%2Fregistry.npmmirror.com%2Fget-port%2Fdownload%2Fget-port-5.1.1.tgz",
      "integrity": "sha1-BGntB1Y0ed5u+5hrrwU9zX1OMZM="
    },
    "get-symbol-description": {
      "version": "1.0.0",
      "resolved": "https://registry.nlark.com/get-symbol-description/download/get-symbol-description-1.0.0.tgz",
      "integrity": "sha1-f9uByQAQH71WTdXxowr1qtweWNY=",
      "requires": {
        "call-bind": "^1.0.2",
        "get-intrinsic": "^1.1.1"
      }
    },
    "has": {
      "version": "1.0.3",
      "resolved": "https://registry.nlark.com/has/download/has-1.0.3.tgz",
      "integrity": "sha1-ci18v8H2qoJB8W3YFOAR4fQeh5Y=",
      "requires": {
        "function-bind": "^1.1.1"
      }
    },
    "has-bigints": {
      "version": "1.0.1",
      "resolved": "https://registry.nlark.com/has-bigints/download/has-bigints-1.0.1.tgz",
      "integrity": "sha1-ZP5qywIGc+O3jbA1pa9pqp0HsRM="
    },
    "has-symbols": {
      "version": "1.0.2",
      "resolved": "https://registry.nlark.com/has-symbols/download/has-symbols-1.0.2.tgz",
      "integrity": "sha1-Fl0wcMADCXUqEjakeTMeOsVvFCM="
    },
    "has-tostringtag": {
      "version": "1.0.0",
      "resolved": "https://registry.nlark.com/has-tostringtag/download/has-tostringtag-1.0.0.tgz",
      "integrity": "sha1-fhM4GKfTlHNPlB5zw9P5KR5liyU=",
      "requires": {
        "has-symbols": "^1.0.2"
      }
    },
    "http-assert": {
      "version": "1.5.0",
      "resolved": "https://registry.nlark.com/http-assert/download/http-assert-1.5.0.tgz",
      "integrity": "sha1-w4nM2HrBbtLfpiRv1zuSaqAOa48=",
      "requires": {
        "deep-equal": "~1.0.1",
        "http-errors": "~1.8.0"
      }
    },
    "http-errors": {
      "version": "1.8.0",
      "resolved": "https://registry.npm.taobao.org/http-errors/download/http-errors-1.8.0.tgz?cache=0&sync_timestamp=1593407634112&other_urls=https%3A%2F%2Fregistry.npm.taobao.org%2Fhttp-errors%2Fdownload%2Fhttp-errors-1.8.0.tgz",
      "integrity": "sha1-ddG75JfhBE9R5O6ecEpi8o0zZQc=",
      "requires": {
        "depd": "~1.1.2",
        "inherits": "2.0.4",
        "setprototypeof": "1.2.0",
        "statuses": ">= 1.5.0 < 2",
        "toidentifier": "1.0.0"
      },
      "dependencies": {
        "depd": {
          "version": "1.1.2",
          "resolved": "https://registry.npm.taobao.org/depd/download/depd-1.1.2.tgz",
          "integrity": "sha1-m81S4UwJd2PnSbJ0xDRu0uVgtak="
        }
      }
    },
    "iconv-lite": {
      "version": "0.4.24",
      "resolved": "https://registry.nlark.com/iconv-lite/download/iconv-lite-0.4.24.tgz?cache=0&sync_timestamp=1621826271136&other_urls=https%3A%2F%2Fregistry.nlark.com%2Ficonv-lite%2Fdownload%2Ficonv-lite-0.4.24.tgz",
      "integrity": "sha1-ICK0sl+93CHS9SSXSkdKr+czkIs=",
      "requires": {
        "safer-buffer": ">= 2.1.2 < 3"
      }
    },
    "inflation": {
      "version": "2.0.0",
      "resolved": "https://registry.npm.taobao.org/inflation/download/inflation-2.0.0.tgz",
      "integrity": "sha1-i0F+R8KPklpFEz2RTKH9OJEH8w8="
    },
    "inherits": {
      "version": "2.0.4",
      "resolved": "https://registry.npm.taobao.org/inherits/download/inherits-2.0.4.tgz",
      "integrity": "sha1-D6LGT5MpF8NDOg3tVTY6rjdBa3w="
    },
    "internal-slot": {
      "version": "1.0.3",
      "resolved": "https://registry.nlark.com/internal-slot/download/internal-slot-1.0.3.tgz",
      "integrity": "sha1-c0fjB97uovqsKsYgXUvH00ln9Zw=",
      "requires": {
        "get-intrinsic": "^1.1.0",
        "has": "^1.0.3",
        "side-channel": "^1.0.4"
      }
    },
    "ioredis": {
      "version": "4.28.0",
      "resolved": "https://registry.npmmirror.com/ioredis/download/ioredis-4.28.0.tgz?cache=0&sync_timestamp=1634131517311&other_urls=https%3A%2F%2Fregistry.npmmirror.com%2Fioredis%2Fdownload%2Fioredis-4.28.0.tgz",
      "integrity": "sha1-Wivj83/yB14jMvKA6usCq02f8NM=",
      "requires": {
        "cluster-key-slot": "^1.1.0",
        "debug": "^4.3.1",
        "denque": "^1.1.0",
        "lodash.defaults": "^4.2.0",
        "lodash.flatten": "^4.4.0",
        "lodash.isarguments": "^3.1.0",
        "p-map": "^2.1.0",
        "redis-commands": "1.7.0",
        "redis-errors": "^1.2.0",
        "redis-parser": "^3.0.0",
        "standard-as-callback": "^2.1.0"
      }
    },
    "is-bigint": {
      "version": "1.0.4",
      "resolved": "https://registry.nlark.com/is-bigint/download/is-bigint-1.0.4.tgz?cache=0&sync_timestamp=1628747500062&other_urls=https%3A%2F%2Fregistry.nlark.com%2Fis-bigint%2Fdownload%2Fis-bigint-1.0.4.tgz",
      "integrity": "sha1-CBR6GHW8KzIAXUHM2Ckd/8ZpHfM=",
      "requires": {
        "has-bigints": "^1.0.1"
      }
    },
    "is-boolean-object": {
      "version": "1.1.2",
      "resolved": "https://registry.nlark.com/is-boolean-object/download/is-boolean-object-1.1.2.tgz",
      "integrity": "sha1-XG3CACRt2TIa5LiFoRS7H3X2Nxk=",
      "requires": {
        "call-bind": "^1.0.2",
        "has-tostringtag": "^1.0.0"
      }
    },
    "is-callable": {
      "version": "1.2.4",
      "resolved": "https://registry.nlark.com/is-callable/download/is-callable-1.2.4.tgz",
      "integrity": "sha1-RzAdWN0CWUB4ZVR4U99tYf5HGUU="
    },
    "is-date-object": {
      "version": "1.0.5",
      "resolved": "https://registry.nlark.com/is-date-object/download/is-date-object-1.0.5.tgz",
      "integrity": "sha1-CEHVU25yTCVZe/bqYuG9OCmN8x8=",
      "requires": {
        "has-tostringtag": "^1.0.0"
      }
    },
    "is-generator-function": {
      "version": "1.0.10",
      "resolved": "https://registry.nlark.com/is-generator-function/download/is-generator-function-1.0.10.tgz?cache=0&sync_timestamp=1628228277651&other_urls=https%3A%2F%2Fregistry.nlark.com%2Fis-generator-function%2Fdownload%2Fis-generator-function-1.0.10.tgz",
      "integrity": "sha1-8VWLrxrBfg3up8BBXEODUf8rPHI=",
      "requires": {
        "has-tostringtag": "^1.0.0"
      }
    },
    "is-nan": {
      "version": "1.3.2",
      "resolved": "https://registry.npm.taobao.org/is-nan/download/is-nan-1.3.2.tgz?cache=0&sync_timestamp=1608789358979&other_urls=https%3A%2F%2Fregistry.npm.taobao.org%2Fis-nan%2Fdownload%2Fis-nan-1.3.2.tgz",
      "integrity": "sha1-BDpUreoxdItVts1OCara+mm9nh0=",
      "requires": {
        "call-bind": "^1.0.0",
        "define-properties": "^1.1.3"
      }
    },
    "is-negative-zero": {
      "version": "2.0.1",
      "resolved": "https://registry.nlark.com/is-negative-zero/download/is-negative-zero-2.0.1.tgz",
      "integrity": "sha1-PedGwY3aIxkkGlNnWQjY92bxHCQ="
    },
    "is-number-object": {
      "version": "1.0.6",
      "resolved": "https://registry.nlark.com/is-number-object/download/is-number-object-1.0.6.tgz?cache=0&sync_timestamp=1628221744591&other_urls=https%3A%2F%2Fregistry.nlark.com%2Fis-number-object%2Fdownload%2Fis-number-object-1.0.6.tgz",
      "integrity": "sha1-anqvg4x/BoalC0VT9+VKlklOifA=",
      "requires": {
        "has-tostringtag": "^1.0.0"
      }
    },
    "is-regex": {
      "version": "1.1.4",
      "resolved": "https://registry.nlark.com/is-regex/download/is-regex-1.1.4.tgz",
      "integrity": "sha1-7vVmPNWfpMCuM5UFMj32hUuxWVg=",
      "requires": {
        "call-bind": "^1.0.2",
        "has-tostringtag": "^1.0.0"
      }
    },
    "is-shared-array-buffer": {
      "version": "1.0.1",
      "resolved": "https://registry.npmmirror.com/is-shared-array-buffer/download/is-shared-array-buffer-1.0.1.tgz",
      "integrity": "sha1-l7DIX72stZycRG/mU7gs8rW3z+Y="
    },
    "is-string": {
      "version": "1.0.7",
      "resolved": "https://registry.nlark.com/is-string/download/is-string-1.0.7.tgz?cache=0&sync_timestamp=1628213433356&other_urls=https%3A%2F%2Fregistry.nlark.com%2Fis-string%2Fdownload%2Fis-string-1.0.7.tgz",
      "integrity": "sha1-DdEr8gBvJVu1j2lREO/3SR7rwP0=",
      "requires": {
        "has-tostringtag": "^1.0.0"
      }
    },
    "is-symbol": {
      "version": "1.0.4",
      "resolved": "https://registry.nlark.com/is-symbol/download/is-symbol-1.0.4.tgz?cache=0&sync_timestamp=1620502244179&other_urls=https%3A%2F%2Fregistry.nlark.com%2Fis-symbol%2Fdownload%2Fis-symbol-1.0.4.tgz",
      "integrity": "sha1-ptrJO2NbBjymhyI23oiRClevE5w=",
      "requires": {
        "has-symbols": "^1.0.2"
      }
    },
    "is-weakref": {
      "version": "1.0.1",
      "resolved": "https://registry.nlark.com/is-weakref/download/is-weakref-1.0.1.tgz",
      "integrity": "sha1-hC26TsF/qayYUN8tbvvBc3J08qI=",
      "requires": {
        "call-bind": "^1.0.0"
      }
    },
    "keygrip": {
      "version": "1.1.0",
      "resolved": "https://registry.nlark.com/keygrip/download/keygrip-1.1.0.tgz",
      "integrity": "sha1-hxsWgdXhWcYqRFsMdLYV4JF+ciY=",
      "requires": {
        "tsscmp": "1.0.6"
      }
    },
    "koa": {
      "version": "2.13.4",
      "resolved": "https://registry.npmmirror.com/koa/download/koa-2.13.4.tgz?cache=0&sync_timestamp=1634624120962&other_urls=https%3A%2F%2Fregistry.npmmirror.com%2Fkoa%2Fdownload%2Fkoa-2.13.4.tgz",
      "integrity": "sha1-7lsMs54LgGnDjRFROcd0gz0yRi4=",
      "requires": {
        "accepts": "^1.3.5",
        "cache-content-type": "^1.0.0",
        "content-disposition": "~0.5.2",
        "content-type": "^1.0.4",
        "cookies": "~0.8.0",
        "debug": "^4.3.2",
        "delegates": "^1.0.0",
        "depd": "^2.0.0",
        "destroy": "^1.0.4",
        "encodeurl": "^1.0.2",
        "escape-html": "^1.0.3",
        "fresh": "~0.5.2",
        "http-assert": "^1.3.0",
        "http-errors": "^1.6.3",
        "is-generator-function": "^1.0.7",
        "koa-compose": "^4.1.0",
        "koa-convert": "^2.0.0",
        "on-finished": "^2.3.0",
        "only": "~0.0.2",
        "parseurl": "^1.3.2",
        "statuses": "^1.5.0",
        "type-is": "^1.6.16",
        "vary": "^1.1.2"
      }
    },
    "koa-bodyparser": {
      "version": "4.3.0",
      "resolved": "https://registry.npm.taobao.org/koa-bodyparser/download/koa-bodyparser-4.3.0.tgz",
      "integrity": "sha1-J0x3hVX/SPoiHufzap+9us4idZo=",
      "requires": {
        "co-body": "^6.0.0",
        "copy-to": "^2.0.1"
      }
    },
    "koa-compose": {
      "version": "4.1.0",
      "resolved": "https://registry.nlark.com/koa-compose/download/koa-compose-4.1.0.tgz",
      "integrity": "sha1-UHMGuTcZAdtBEhyBLpI9DWfT6Hc="
    },
    "koa-convert": {
      "version": "2.0.0",
      "resolved": "https://registry.nlark.com/koa-convert/download/koa-convert-2.0.0.tgz",
      "integrity": "sha1-hqDETYHUBVG64i/uZwmQRXPupPU=",
      "requires": {
        "co": "^4.6.0",
        "koa-compose": "^4.1.0"
      }
    },
    "koa-router": {
      "version": "10.1.1",
      "resolved": "https://registry.nlark.com/koa-router/download/koa-router-10.1.1.tgz",
      "integrity": "sha1-IICfgmSFGLhHJs1EUDeBPNmfF/8=",
      "requires": {
        "debug": "^4.1.1",
        "http-errors": "^1.7.3",
        "koa-compose": "^4.1.0",
        "methods": "^1.1.2",
        "path-to-regexp": "^6.1.0"
      }
    },
    "lodash": {
      "version": "4.17.21",
      "resolved": "https://registry.npm.taobao.org/lodash/download/lodash-4.17.21.tgz",
      "integrity": "sha1-Z5WRxWTDv/quhFTPCz3zcMPWkRw="
    },
    "lodash.defaults": {
      "version": "4.2.0",
      "resolved": "https://registry.nlark.com/lodash.defaults/download/lodash.defaults-4.2.0.tgz",
      "integrity": "sha1-0JF4cW/+pN3p5ft7N/bwgCJ0WAw="
    },
    "lodash.flatten": {
      "version": "4.4.0",
      "resolved": "https://registry.npm.taobao.org/lodash.flatten/download/lodash.flatten-4.4.0.tgz",
      "integrity": "sha1-8xwiIlqWMtK7+OSt2+8kCqdlph8="
    },
    "lodash.isarguments": {
      "version": "3.1.0",
      "resolved": "https://registry.nlark.com/lodash.isarguments/download/lodash.isarguments-3.1.0.tgz",
      "integrity": "sha1-L1c9hcaiQon/AGY7SRwdM4/zRYo="
    },
    "lru-cache": {
      "version": "6.0.0",
      "resolved": "https://registry.nlark.com/lru-cache/download/lru-cache-6.0.0.tgz",
      "integrity": "sha1-bW/mVw69lqr5D8rR2vo7JWbbOpQ=",
      "requires": {
        "yallist": "^4.0.0"
      }
    },
    "make-error": {
      "version": "1.3.6",
      "resolved": "https://registry.nlark.com/make-error/download/make-error-1.3.6.tgz",
      "integrity": "sha1-LrLjfqm2fEiR9oShOUeZr0hM96I=",
      "dev": true
    },
    "media-typer": {
      "version": "0.3.0",
      "resolved": "https://registry.npm.taobao.org/media-typer/download/media-typer-0.3.0.tgz",
      "integrity": "sha1-hxDXrwqmJvj/+hzgAWhUUmMlV0g="
    },
    "methods": {
      "version": "1.1.2",
      "resolved": "https://registry.npm.taobao.org/methods/download/methods-1.1.2.tgz",
      "integrity": "sha1-VSmk1nZUE07cxSZmVoNbD4Ua/O4="
    },
    "mime-db": {
      "version": "1.50.0",
      "resolved": "https://registry.nlark.com/mime-db/download/mime-db-1.50.0.tgz",
      "integrity": "sha1-q9SslOmNPA4YUBbGerRdX95AwR8="
    },
    "mime-types": {
      "version": "2.1.33",
      "resolved": "https://registry.npmmirror.com/mime-types/download/mime-types-2.1.33.tgz?cache=0&sync_timestamp=1633108258894&other_urls=https%3A%2F%2Fregistry.npmmirror.com%2Fmime-types%2Fdownload%2Fmime-types-2.1.33.tgz",
      "integrity": "sha1-H6EqkERy+v0GjkjZ6EAfdNP3Dts=",
      "requires": {
        "mime-db": "1.50.0"
      }
    },
    "moment": {
      "version": "2.29.1",
      "resolved": "https://registry.npm.taobao.org/moment/download/moment-2.29.1.tgz?cache=0&sync_timestamp=1601983557585&other_urls=https%3A%2F%2Fregistry.npm.taobao.org%2Fmoment%2Fdownload%2Fmoment-2.29.1.tgz",
      "integrity": "sha1-sr52n6MZQL6e7qZGnAdeNQBvo9M="
    },
    "moment-timezone": {
      "version": "0.5.33",
      "resolved": "https://registry.nlark.com/moment-timezone/download/moment-timezone-0.5.33.tgz",
      "integrity": "sha1-slL9a7V/NBybWaWrYajlGnO70iw=",
      "requires": {
        "moment": ">= 2.9.0"
      }
    },
    "ms": {
      "version": "2.1.2",
      "resolved": "https://registry.npmmirror.com/ms/download/ms-2.1.2.tgz",
      "integrity": "sha1-0J0fNXtEP0kzgqjrPM0YOHKuYAk="
    },
    "negotiator": {
      "version": "0.6.2",
      "resolved": "https://registry.npm.taobao.org/negotiator/download/negotiator-0.6.2.tgz",
      "integrity": "sha1-/qz3zPUlp3rpY0Q2pkiD/+yjRvs="
    },
    "object-inspect": {
      "version": "1.11.0",
      "resolved": "https://registry.nlark.com/object-inspect/download/object-inspect-1.11.0.tgz?cache=0&other_urls=https%3A%2F%2Fregistry.nlark.com%2Fobject-inspect%2Fdownload%2Fobject-inspect-1.11.0.tgz",
      "integrity": "sha1-nc6xRs7dQUig2eUauI00z1CZIrE="
    },
    "object-keys": {
      "version": "1.1.1",
      "resolved": "https://registry.nlark.com/object-keys/download/object-keys-1.1.1.tgz",
      "integrity": "sha1-HEfyct8nfzsdrwYWd9nILiMixg4="
    },
    "object.assign": {
      "version": "4.1.2",
      "resolved": "https://registry.npm.taobao.org/object.assign/download/object.assign-4.1.2.tgz?cache=0&sync_timestamp=1604115300532&other_urls=https%3A%2F%2Fregistry.npm.taobao.org%2Fobject.assign%2Fdownload%2Fobject.assign-4.1.2.tgz",
      "integrity": "sha1-DtVKNC7Os3s4/3brgxoOeIy2OUA=",
      "requires": {
        "call-bind": "^1.0.0",
        "define-properties": "^1.1.3",
        "has-symbols": "^1.0.1",
        "object-keys": "^1.1.1"
      }
    },
    "object.getownpropertydescriptors": {
      "version": "2.1.3",
      "resolved": "https://registry.npmmirror.com/object.getownpropertydescriptors/download/object.getownpropertydescriptors-2.1.3.tgz?cache=0&sync_timestamp=1633321702182&other_urls=https%3A%2F%2Fregistry.npmmirror.com%2Fobject.getownpropertydescriptors%2Fdownload%2Fobject.getownpropertydescriptors-2.1.3.tgz",
      "integrity": "sha1-siPPOOF/77l6Y8EMkd9yzLOG354=",
      "requires": {
        "call-bind": "^1.0.2",
        "define-properties": "^1.1.3",
        "es-abstract": "^1.19.1"
      }
    },
    "on-finished": {
      "version": "2.3.0",
      "resolved": "https://registry.npm.taobao.org/on-finished/download/on-finished-2.3.0.tgz",
      "integrity": "sha1-IPEzZIGwg811M3mSoWlxqi2QaUc=",
      "requires": {
        "ee-first": "1.1.1"
      }
    },
    "only": {
      "version": "0.0.2",
      "resolved": "https://registry.nlark.com/only/download/only-0.0.2.tgz",
      "integrity": "sha1-Kv3oTQPlC5qO3EROMGEKcCle37Q="
    },
    "p-finally": {
      "version": "1.0.0",
      "resolved": "https://registry.nlark.com/p-finally/download/p-finally-1.0.0.tgz",
      "integrity": "sha1-P7z7FbiZpEEjs0ttzBi3JDNqLK4="
    },
    "p-map": {
      "version": "2.1.0",
      "resolved": "https://registry.npmmirror.com/p-map/download/p-map-2.1.0.tgz?cache=0&sync_timestamp=1635321371446&other_urls=https%3A%2F%2Fregistry.npmmirror.com%2Fp-map%2Fdownload%2Fp-map-2.1.0.tgz",
      "integrity": "sha1-MQko/u+cnsxltosXaTAYpmXOoXU="
    },
    "p-timeout": {
      "version": "3.2.0",
      "resolved": "https://registry.npmmirror.com/p-timeout/download/p-timeout-3.2.0.tgz",
      "integrity": "sha1-x+F6vJcdKnli74NiazXWNazyPf4=",
      "requires": {
        "p-finally": "^1.0.0"
      }
    },
    "parseurl": {
      "version": "1.3.3",
      "resolved": "https://registry.nlark.com/parseurl/download/parseurl-1.3.3.tgz",
      "integrity": "sha1-naGee+6NEt/wUT7Vt2lXeTvC6NQ="
    },
    "path-to-regexp": {
      "version": "6.2.0",
      "resolved": "https://registry.npm.taobao.org/path-to-regexp/download/path-to-regexp-6.2.0.tgz?cache=0&sync_timestamp=1601400433519&other_urls=https%3A%2F%2Fregistry.npm.taobao.org%2Fpath-to-regexp%2Fdownload%2Fpath-to-regexp-6.2.0.tgz",
      "integrity": "sha1-97OAMzYQTDRoia3s5hRmkjBkXzg="
    },
    "promise.prototype.finally": {
      "version": "3.1.3",
      "resolved": "https://registry.npmmirror.com/promise.prototype.finally/download/promise.prototype.finally-3.1.3.tgz",
      "integrity": "sha1-0xhuWPz03xaCoVD5NMzCe3iTOJw=",
      "requires": {
        "call-bind": "^1.0.2",
        "define-properties": "^1.1.3",
        "es-abstract": "^1.19.1"
      }
    },
    "qs": {
      "version": "6.10.1",
      "resolved": "https://registry.npm.taobao.org/qs/download/qs-6.10.1.tgz",
      "integrity": "sha1-STFIL6jWR6Wqt5nFJx0hM7mB+2o=",
      "requires": {
        "side-channel": "^1.0.4"
      }
    },
    "raw-body": {
      "version": "2.4.1",
      "resolved": "https://registry.nlark.com/raw-body/download/raw-body-2.4.1.tgz",
      "integrity": "sha1-MKyC+Yu1rowVLmcUnayNVRU7Fow=",
      "requires": {
        "bytes": "3.1.0",
        "http-errors": "1.7.3",
        "iconv-lite": "0.4.24",
        "unpipe": "1.0.0"
      },
      "dependencies": {
        "depd": {
          "version": "1.1.2",
          "resolved": "https://registry.npm.taobao.org/depd/download/depd-1.1.2.tgz",
          "integrity": "sha1-m81S4UwJd2PnSbJ0xDRu0uVgtak="
        },
        "http-errors": {
          "version": "1.7.3",
          "resolved": "https://registry.npm.taobao.org/http-errors/download/http-errors-1.7.3.tgz?cache=0&sync_timestamp=1593407634112&other_urls=https%3A%2F%2Fregistry.npm.taobao.org%2Fhttp-errors%2Fdownload%2Fhttp-errors-1.7.3.tgz",
          "integrity": "sha1-bGGeT5xgMIw4UZSYwU+7EKrOuwY=",
          "requires": {
            "depd": "~1.1.2",
            "inherits": "2.0.4",
            "setprototypeof": "1.1.1",
            "statuses": ">= 1.5.0 < 2",
            "toidentifier": "1.0.0"
          }
        },
        "setprototypeof": {
          "version": "1.1.1",
          "resolved": "https://registry.npm.taobao.org/setprototypeof/download/setprototypeof-1.1.1.tgz",
          "integrity": "sha1-fpWsskqpL1iF4KvvW6ExMw1K5oM="
        }
      }
    },
    "redis-commands": {
      "version": "1.7.0",
      "resolved": "https://registry.npm.taobao.org/redis-commands/download/redis-commands-1.7.0.tgz",
      "integrity": "sha1-Fab+otWCgeJ7HNGs+0spPieMOok="
    },
    "redis-errors": {
      "version": "1.2.0",
      "resolved": "https://registry.nlark.com/redis-errors/download/redis-errors-1.2.0.tgz",
      "integrity": "sha1-62LSrbFeTq9GEMBK/hUpOEJQq60="
    },
    "redis-parser": {
      "version": "3.0.0",
      "resolved": "https://registry.npm.taobao.org/redis-parser/download/redis-parser-3.0.0.tgz",
      "integrity": "sha1-tm2CjNyv5rS4pCin3vTGvKwxyLQ=",
      "requires": {
        "redis-errors": "^1.0.0"
      }
    },
    "safe-buffer": {
      "version": "5.1.2",
      "resolved": "https://registry.npm.taobao.org/safe-buffer/download/safe-buffer-5.1.2.tgz",
      "integrity": "sha1-mR7GnSluAxN0fVm9/St0XDX4go0="
    },
    "safer-buffer": {
      "version": "2.1.2",
      "resolved": "https://registry.nlark.com/safer-buffer/download/safer-buffer-2.1.2.tgz",
      "integrity": "sha1-RPoWGwGHuVSd2Eu5GAL5vYOFzWo="
    },
    "semver": {
      "version": "7.3.5",
      "resolved": "https://registry.nlark.com/semver/download/semver-7.3.5.tgz?cache=0&sync_timestamp=1618846828850&other_urls=https%3A%2F%2Fregistry.nlark.com%2Fsemver%2Fdownload%2Fsemver-7.3.5.tgz",
      "integrity": "sha1-C2Ich5NI2JmOSw5L6Us/EuYBjvc=",
      "requires": {
        "lru-cache": "^6.0.0"
      }
    },
    "setprototypeof": {
      "version": "1.2.0",
      "resolved": "https://registry.npm.taobao.org/setprototypeof/download/setprototypeof-1.2.0.tgz",
      "integrity": "sha1-ZsmiSnP5/CjL5msJ/tPTPcrxtCQ="
    },
    "side-channel": {
      "version": "1.0.4",
      "resolved": "https://registry.nlark.com/side-channel/download/side-channel-1.0.4.tgz",
      "integrity": "sha1-785cj9wQTudRslxY1CkAEfpeos8=",
      "requires": {
        "call-bind": "^1.0.0",
        "get-intrinsic": "^1.0.2",
        "object-inspect": "^1.9.0"
      }
    },
    "standard-as-callback": {
      "version": "2.1.0",
      "resolved": "https://registry.npm.taobao.org/standard-as-callback/download/standard-as-callback-2.1.0.tgz?cache=0&sync_timestamp=1615717451921&other_urls=https%3A%2F%2Fregistry.npm.taobao.org%2Fstandard-as-callback%2Fdownload%2Fstandard-as-callback-2.1.0.tgz",
      "integrity": "sha1-iVP8BTWYaKd7W5c5pmXFl3u330U="
    },
    "statuses": {
      "version": "1.5.0",
      "resolved": "https://registry.nlark.com/statuses/download/statuses-1.5.0.tgz",
      "integrity": "sha1-Fhx9rBd2Wf2YEfQ3cfqZOBR4Yow="
    },
    "string.prototype.trimend": {
      "version": "1.0.4",
      "resolved": "https://registry.nlark.com/string.prototype.trimend/download/string.prototype.trimend-1.0.4.tgz",
      "integrity": "sha1-51rpDClCxjUEaGwYsoe0oLGkX4A=",
      "requires": {
        "call-bind": "^1.0.2",
        "define-properties": "^1.1.3"
      }
    },
    "string.prototype.trimstart": {
      "version": "1.0.4",
      "resolved": "https://registry.nlark.com/string.prototype.trimstart/download/string.prototype.trimstart-1.0.4.tgz",
      "integrity": "sha1-s2OZr0qymZtMnGSL16P7K7Jv7u0=",
      "requires": {
        "call-bind": "^1.0.2",
        "define-properties": "^1.1.3"
      }
    },
    "toidentifier": {
      "version": "1.0.0",
      "resolved": "https://registry.npm.taobao.org/toidentifier/download/toidentifier-1.0.0.tgz",
      "integrity": "sha1-fhvjRw8ed5SLxD2Uo8j013UrpVM="
    },
    "ts-node": {
      "version": "10.4.0",
      "resolved": "https://registry.npmmirror.com/ts-node/download/ts-node-10.4.0.tgz?cache=0&sync_timestamp=1634967715314&other_urls=https%3A%2F%2Fregistry.npmmirror.com%2Fts-node%2Fdownload%2Fts-node-10.4.0.tgz",
      "integrity": "sha1-aA+IlFiF9ObPRQ5/DWIj3UBIlfc=",
      "dev": true,
      "requires": {
        "@cspotcode/source-map-support": "0.7.0",
        "@tsconfig/node10": "^1.0.7",
        "@tsconfig/node12": "^1.0.7",
        "@tsconfig/node14": "^1.0.0",
        "@tsconfig/node16": "^1.0.2",
        "acorn": "^8.4.1",
        "acorn-walk": "^8.1.1",
        "arg": "^4.1.0",
        "create-require": "^1.1.0",
        "diff": "^4.0.1",
        "make-error": "^1.1.1",
        "yn": "3.1.1"
      }
    },
    "tsscmp": {
      "version": "1.0.6",
      "resolved": "https://registry.nlark.com/tsscmp/download/tsscmp-1.0.6.tgz",
      "integrity": "sha1-hbmVg6w1iexL/vgltQAKqRHWBes="
    },
    "type-is": {
      "version": "1.6.18",
      "resolved": "https://registry.npm.taobao.org/type-is/download/type-is-1.6.18.tgz",
      "integrity": "sha1-TlUs0F3wlGfcvE73Od6J8s83wTE=",
      "requires": {
        "media-typer": "0.3.0",
        "mime-types": "~2.1.24"
      }
    },
    "typescript": {
      "version": "4.4.4",
      "resolved": "https://registry.npmmirror.com/typescript/download/typescript-4.4.4.tgz?cache=0&sync_timestamp=1635758337186&other_urls=https%3A%2F%2Fregistry.npmmirror.com%2Ftypescript%2Fdownload%2Ftypescript-4.4.4.tgz",
      "integrity": "sha1-LNAaGh8WBwTTEB/VpY/w+fy4Aww="
    },
    "unbox-primitive": {
      "version": "1.0.1",
      "resolved": "https://registry.nlark.com/unbox-primitive/download/unbox-primitive-1.0.1.tgz",
      "integrity": "sha1-CF4hViXsMWJXTciFmr7nilmxRHE=",
      "requires": {
        "function-bind": "^1.1.1",
        "has-bigints": "^1.0.1",
        "has-symbols": "^1.0.2",
        "which-boxed-primitive": "^1.0.2"
      }
    },
    "unpipe": {
      "version": "1.0.0",
      "resolved": "https://registry.nlark.com/unpipe/download/unpipe-1.0.0.tgz",
      "integrity": "sha1-sr9O6FFKrmFltIF4KdIbLvSZBOw="
    },
    "util.promisify": {
      "version": "1.1.1",
      "resolved": "https://registry.npm.taobao.org/util.promisify/download/util.promisify-1.1.1.tgz?cache=0&sync_timestamp=1610159885628&other_urls=https%3A%2F%2Fregistry.npm.taobao.org%2Futil.promisify%2Fdownload%2Futil.promisify-1.1.1.tgz",
      "integrity": "sha1-d4MvV87SyUeBdBScrpuW6ZGM1Us=",
      "requires": {
        "call-bind": "^1.0.0",
        "define-properties": "^1.1.3",
        "for-each": "^0.3.3",
        "has-symbols": "^1.0.1",
        "object.getownpropertydescriptors": "^2.1.1"
      }
    },
    "uuid": {
      "version": "8.3.2",
      "resolved": "https://registry.nlark.com/uuid/download/uuid-8.3.2.tgz?cache=0&sync_timestamp=1622213185460&other_urls=https%3A%2F%2Fregistry.nlark.com%2Fuuid%2Fdownload%2Fuuid-8.3.2.tgz",
      "integrity": "sha1-gNW1ztJxu5r2xEXyGhoExgbO++I="
    },
    "vary": {
      "version": "1.1.2",
      "resolved": "https://registry.npm.taobao.org/vary/download/vary-1.1.2.tgz",
      "integrity": "sha1-IpnwLG3tMNSllhsLn3RSShj2NPw="
    },
    "which-boxed-primitive": {
      "version": "1.0.2",
      "resolved": "https://registry.npm.taobao.org/which-boxed-primitive/download/which-boxed-primitive-1.0.2.tgz",
      "integrity": "sha1-E3V7yJsgmwSf5dhkMOIc9AqJqOY=",
      "requires": {
        "is-bigint": "^1.0.1",
        "is-boolean-object": "^1.1.0",
        "is-number-object": "^1.0.4",
        "is-string": "^1.0.5",
        "is-symbol": "^1.0.3"
      }
    },
    "yallist": {
      "version": "4.0.0",
      "resolved": "https://registry.nlark.com/yallist/download/yallist-4.0.0.tgz",
      "integrity": "sha1-m7knkNnA7/7GO+c1GeEaNQGaOnI="
    },
    "ylru": {
      "version": "1.2.1",
      "resolved": "https://registry.nlark.com/ylru/download/ylru-1.2.1.tgz",
      "integrity": "sha1-9Xa2M0FUeYnB3nuiiHYJI7J/6E8="
    },
    "yn": {
      "version": "3.1.1",
      "resolved": "https://registry.nlark.com/yn/download/yn-3.1.1.tgz",
      "integrity": "sha1-HodAGgnXZ8HV6rJqbkwYUYLS61A=",
      "dev": true
    }
  }
}
